// !$*UTF8*$!
{
	archiveVersion = 1;
	classes = {
	};
	objectVersion = 46;
	objects = {

/* Begin PBXBuildFile section */
		890968F61A011ABE00760158 /* AssetsLibrary.framework in Frameworks */ = {isa = PBXBuildFile; fileRef = 890968F51A011ABE00760158 /* AssetsLibrary.framework */; };
		891267C019FE87A30047BAD0 /* EventManager.m in Sources */ = {isa = PBXBuildFile; fileRef = 891267BF19FE87A30047BAD0 /* EventManager.m */; };
		891267C219FE87BC0047BAD0 /* EventKit.framework in Frameworks */ = {isa = PBXBuildFile; fileRef = 891267C119FE87BC0047BAD0 /* EventKit.framework */; };
		89301ED919FBC3F9006AE213 /* README.md in Resources */ = {isa = PBXBuildFile; fileRef = 89301ED819FBC3F9006AE213 /* README.md */; };
		8993862419F009D20006BD34 /* Foundation.framework in Frameworks */ = {isa = PBXBuildFile; fileRef = 8993862319F009D20006BD34 /* Foundation.framework */; };
		8993862619F009D20006BD34 /* CoreGraphics.framework in Frameworks */ = {isa = PBXBuildFile; fileRef = 8993862519F009D20006BD34 /* CoreGraphics.framework */; };
		8993862819F009D20006BD34 /* UIKit.framework in Frameworks */ = {isa = PBXBuildFile; fileRef = 8993862719F009D20006BD34 /* UIKit.framework */; };
		8993862A19F009D20006BD34 /* CoreData.framework in Frameworks */ = {isa = PBXBuildFile; fileRef = 8993862919F009D20006BD34 /* CoreData.framework */; };
		8993863019F009D20006BD34 /* InfoPlist.strings in Resources */ = {isa = PBXBuildFile; fileRef = 8993862E19F009D20006BD34 /* InfoPlist.strings */; };
		8993863219F009D20006BD34 /* main.m in Sources */ = {isa = PBXBuildFile; fileRef = 8993863119F009D20006BD34 /* main.m */; };
		8993863619F009D20006BD34 /* AppDelegate.m in Sources */ = {isa = PBXBuildFile; fileRef = 8993863519F009D20006BD34 /* AppDelegate.m */; };
		8993863919F009D20006BD34 /* EventsPlanner.xcdatamodeld in Sources */ = {isa = PBXBuildFile; fileRef = 8993863719F009D20006BD34 /* EventsPlanner.xcdatamodeld */; };
		8993863B19F009D20006BD34 /* Images.xcassets in Resources */ = {isa = PBXBuildFile; fileRef = 8993863A19F009D20006BD34 /* Images.xcassets */; };
		8993864219F009D30006BD34 /* XCTest.framework in Frameworks */ = {isa = PBXBuildFile; fileRef = 8993864119F009D30006BD34 /* XCTest.framework */; };
		8993864319F009D30006BD34 /* Foundation.framework in Frameworks */ = {isa = PBXBuildFile; fileRef = 8993862319F009D20006BD34 /* Foundation.framework */; };
		8993864419F009D30006BD34 /* UIKit.framework in Frameworks */ = {isa = PBXBuildFile; fileRef = 8993862719F009D20006BD34 /* UIKit.framework */; };
		8993864519F009D30006BD34 /* CoreData.framework in Frameworks */ = {isa = PBXBuildFile; fileRef = 8993862919F009D20006BD34 /* CoreData.framework */; };
		8993864D19F009D30006BD34 /* InfoPlist.strings in Resources */ = {isa = PBXBuildFile; fileRef = 8993864B19F009D30006BD34 /* InfoPlist.strings */; };
		8993864F19F009D30006BD34 /* EventsPlannerTests.m in Sources */ = {isa = PBXBuildFile; fileRef = 8993864E19F009D30006BD34 /* EventsPlannerTests.m */; };
		8993865919F00B630006BD34 /* Storyboard.storyboard in Resources */ = {isa = PBXBuildFile; fileRef = 8993865819F00B630006BD34 /* Storyboard.storyboard */; };
		8993865C19F00FC50006BD34 /* EventViewController.m in Sources */ = {isa = PBXBuildFile; fileRef = 8993865B19F00FC50006BD34 /* EventViewController.m */; };
		8993865F19F010280006BD34 /* EventDetailViewController.m in Sources */ = {isa = PBXBuildFile; fileRef = 8993865E19F010280006BD34 /* EventDetailViewController.m */; };
		89CF056219F3DA5A00F7E4B3 /* Social.framework in Frameworks */ = {isa = PBXBuildFile; fileRef = 89CF056119F3DA5900F7E4B3 /* Social.framework */; };
/* End PBXBuildFile section */

/* Begin PBXContainerItemProxy section */
		8993864619F009D30006BD34 /* PBXContainerItemProxy */ = {
			isa = PBXContainerItemProxy;
			containerPortal = 8993861819F009D20006BD34 /* Project object */;
			proxyType = 1;
			remoteGlobalIDString = 8993861F19F009D20006BD34;
			remoteInfo = EventsPlanner;
		};
/* End PBXContainerItemProxy section */

/* Begin PBXFileReference section */
		890968F51A011ABE00760158 /* AssetsLibrary.framework */ = {isa = PBXFileReference; lastKnownFileType = wrapper.framework; name = AssetsLibrary.framework; path = System/Library/Frameworks/AssetsLibrary.framework; sourceTree = SDKROOT; };
		891267BE19FE87A30047BAD0 /* EventManager.h */ = {isa = PBXFileReference; fileEncoding = 4; lastKnownFileType = sourcecode.c.h; path = EventManager.h; sourceTree = "<group>"; };
		891267BF19FE87A30047BAD0 /* EventManager.m */ = {isa = PBXFileReference; fileEncoding = 4; lastKnownFileType = sourcecode.c.objc; path = EventManager.m; sourceTree = "<group>"; };
		891267C119FE87BC0047BAD0 /* EventKit.framework */ = {isa = PBXFileReference; lastKnownFileType = wrapper.framework; name = EventKit.framework; path = System/Library/Frameworks/EventKit.framework; sourceTree = SDKROOT; };
		89301ED819FBC3F9006AE213 /* README.md */ = {isa = PBXFileReference; fileEncoding = 4; lastKnownFileType = text; path = README.md; sourceTree = "<group>"; };
		8993862019F009D20006BD34 /* EventsPlanner.app */ = {isa = PBXFileReference; explicitFileType = wrapper.application; includeInIndex = 0; path = EventsPlanner.app; sourceTree = BUILT_PRODUCTS_DIR; };
		8993862319F009D20006BD34 /* Foundation.framework */ = {isa = PBXFileReference; lastKnownFileType = wrapper.framework; name = Foundation.framework; path = System/Library/Frameworks/Foundation.framework; sourceTree = SDKROOT; };
		8993862519F009D20006BD34 /* CoreGraphics.framework */ = {isa = PBXFileReference; lastKnownFileType = wrapper.framework; name = CoreGraphics.framework; path = System/Library/Frameworks/CoreGraphics.framework; sourceTree = SDKROOT; };
		8993862719F009D20006BD34 /* UIKit.framework */ = {isa = PBXFileReference; lastKnownFileType = wrapper.framework; name = UIKit.framework; path = System/Library/Frameworks/UIKit.framework; sourceTree = SDKROOT; };
		8993862919F009D20006BD34 /* CoreData.framework */ = {isa = PBXFileReference; lastKnownFileType = wrapper.framework; name = CoreData.framework; path = System/Library/Frameworks/CoreData.framework; sourceTree = SDKROOT; };
		8993862D19F009D20006BD34 /* EventsPlanner-Info.plist */ = {isa = PBXFileReference; lastKnownFileType = text.plist.xml; path = "EventsPlanner-Info.plist"; sourceTree = "<group>"; };
		8993862F19F009D20006BD34 /* en */ = {isa = PBXFileReference; lastKnownFileType = text.plist.strings; name = en; path = en.lproj/InfoPlist.strings; sourceTree = "<group>"; };
		8993863119F009D20006BD34 /* main.m */ = {isa = PBXFileReference; lastKnownFileType = sourcecode.c.objc; path = main.m; sourceTree = "<group>"; };
		8993863319F009D20006BD34 /* EventsPlanner-Prefix.pch */ = {isa = PBXFileReference; lastKnownFileType = sourcecode.c.h; path = "EventsPlanner-Prefix.pch"; sourceTree = "<group>"; };
		8993863419F009D20006BD34 /* AppDelegate.h */ = {isa = PBXFileReference; lastKnownFileType = sourcecode.c.h; path = AppDelegate.h; sourceTree = "<group>"; };
		8993863519F009D20006BD34 /* AppDelegate.m */ = {isa = PBXFileReference; lastKnownFileType = sourcecode.c.objc; path = AppDelegate.m; sourceTree = "<group>"; };
		8993863819F009D20006BD34 /* EventsPlanner.xcdatamodel */ = {isa = PBXFileReference; lastKnownFileType = wrapper.xcdatamodel; path = EventsPlanner.xcdatamodel; sourceTree = "<group>"; };
		8993863A19F009D20006BD34 /* Images.xcassets */ = {isa = PBXFileReference; lastKnownFileType = folder.assetcatalog; path = Images.xcassets; sourceTree = "<group>"; };
		8993864019F009D30006BD34 /* EventsPlannerTests.xctest */ = {isa = PBXFileReference; explicitFileType = wrapper.cfbundle; includeInIndex = 0; path = EventsPlannerTests.xctest; sourceTree = BUILT_PRODUCTS_DIR; };
		8993864119F009D30006BD34 /* XCTest.framework */ = {isa = PBXFileReference; lastKnownFileType = wrapper.framework; name = XCTest.framework; path = Library/Frameworks/XCTest.framework; sourceTree = DEVELOPER_DIR; };
		8993864A19F009D30006BD34 /* EventsPlannerTests-Info.plist */ = {isa = PBXFileReference; lastKnownFileType = text.plist.xml; path = "EventsPlannerTests-Info.plist"; sourceTree = "<group>"; };
		8993864C19F009D30006BD34 /* en */ = {isa = PBXFileReference; lastKnownFileType = text.plist.strings; name = en; path = en.lproj/InfoPlist.strings; sourceTree = "<group>"; };
		8993864E19F009D30006BD34 /* EventsPlannerTests.m */ = {isa = PBXFileReference; lastKnownFileType = sourcecode.c.objc; path = EventsPlannerTests.m; sourceTree = "<group>"; };
		8993865819F00B630006BD34 /* Storyboard.storyboard */ = {isa = PBXFileReference; fileEncoding = 4; lastKnownFileType = file.storyboard; path = Storyboard.storyboard; sourceTree = "<group>"; };
		8993865A19F00FC50006BD34 /* EventViewController.h */ = {isa = PBXFileReference; fileEncoding = 4; lastKnownFileType = sourcecode.c.h; path = EventViewController.h; sourceTree = "<group>"; };
		8993865B19F00FC50006BD34 /* EventViewController.m */ = {isa = PBXFileReference; fileEncoding = 4; lastKnownFileType = sourcecode.c.objc; path = EventViewController.m; sourceTree = "<group>"; };
		8993865D19F010280006BD34 /* EventDetailViewController.h */ = {isa = PBXFileReference; fileEncoding = 4; lastKnownFileType = sourcecode.c.h; path = EventDetailViewController.h; sourceTree = "<group>"; };
		8993865E19F010280006BD34 /* EventDetailViewController.m */ = {isa = PBXFileReference; fileEncoding = 4; lastKnownFileType = sourcecode.c.objc; path = EventDetailViewController.m; sourceTree = "<group>"; };
		89CF056119F3DA5900F7E4B3 /* Social.framework */ = {isa = PBXFileReference; lastKnownFileType = wrapper.framework; name = Social.framework; path = System/Library/Frameworks/Social.framework; sourceTree = SDKROOT; };
/* End PBXFileReference section */

/* Begin PBXFrameworksBuildPhase section */
		8993861D19F009D20006BD34 /* Frameworks */ = {
			isa = PBXFrameworksBuildPhase;
			buildActionMask = 2147483647;
			files = (
				890968F61A011ABE00760158 /* AssetsLibrary.framework in Frameworks */,
				891267C219FE87BC0047BAD0 /* EventKit.framework in Frameworks */,
				89CF056219F3DA5A00F7E4B3 /* Social.framework in Frameworks */,
				8993862619F009D20006BD34 /* CoreGraphics.framework in Frameworks */,
				8993862A19F009D20006BD34 /* CoreData.framework in Frameworks */,
				8993862819F009D20006BD34 /* UIKit.framework in Frameworks */,
				8993862419F009D20006BD34 /* Foundation.framework in Frameworks */,
			);
			runOnlyForDeploymentPostprocessing = 0;
		};
		8993863D19F009D30006BD34 /* Frameworks */ = {
			isa = PBXFrameworksBuildPhase;
			buildActionMask = 2147483647;
			files = (
				8993864219F009D30006BD34 /* XCTest.framework in Frameworks */,
				8993864519F009D30006BD34 /* CoreData.framework in Frameworks */,
				8993864419F009D30006BD34 /* UIKit.framework in Frameworks */,
				8993864319F009D30006BD34 /* Foundation.framework in Frameworks */,
			);
			runOnlyForDeploymentPostprocessing = 0;
		};
/* End PBXFrameworksBuildPhase section */

/* Begin PBXGroup section */
		8993861719F009D20006BD34 = {
			isa = PBXGroup;
			children = (
				89301ED819FBC3F9006AE213 /* README.md */,
				8993862B19F009D20006BD34 /* EventsPlanner */,
				8993864819F009D30006BD34 /* EventsPlannerTests */,
				8993862219F009D20006BD34 /* Frameworks */,
				8993862119F009D20006BD34 /* Products */,
			);
			sourceTree = "<group>";
		};
		8993862119F009D20006BD34 /* Products */ = {
			isa = PBXGroup;
			children = (
				8993862019F009D20006BD34 /* EventsPlanner.app */,
				8993864019F009D30006BD34 /* EventsPlannerTests.xctest */,
			);
			name = Products;
			sourceTree = "<group>";
		};
		8993862219F009D20006BD34 /* Frameworks */ = {
			isa = PBXGroup;
			children = (
				890968F51A011ABE00760158 /* AssetsLibrary.framework */,
				891267C119FE87BC0047BAD0 /* EventKit.framework */,
				89CF056119F3DA5900F7E4B3 /* Social.framework */,
				8993862319F009D20006BD34 /* Foundation.framework */,
				8993862519F009D20006BD34 /* CoreGraphics.framework */,
				8993862719F009D20006BD34 /* UIKit.framework */,
				8993862919F009D20006BD34 /* CoreData.framework */,
				8993864119F009D30006BD34 /* XCTest.framework */,
			);
			name = Frameworks;
			sourceTree = "<group>";
		};
		8993862B19F009D20006BD34 /* EventsPlanner */ = {
			isa = PBXGroup;
			children = (
				8993863419F009D20006BD34 /* AppDelegate.h */,
				8993863519F009D20006BD34 /* AppDelegate.m */,
				891267BE19FE87A30047BAD0 /* EventManager.h */,
				891267BF19FE87A30047BAD0 /* EventManager.m */,
				8993863A19F009D20006BD34 /* Images.xcassets */,
				8993863719F009D20006BD34 /* EventsPlanner.xcdatamodeld */,
				8993865819F00B630006BD34 /* Storyboard.storyboard */,
				8993865A19F00FC50006BD34 /* EventViewController.h */,
				8993865B19F00FC50006BD34 /* EventViewController.m */,
				8993865D19F010280006BD34 /* EventDetailViewController.h */,
				8993865E19F010280006BD34 /* EventDetailViewController.m */,
				8993862C19F009D20006BD34 /* Supporting Files */,
			);
			path = EventsPlanner;
			sourceTree = "<group>";
		};
		8993862C19F009D20006BD34 /* Supporting Files */ = {
			isa = PBXGroup;
			children = (
				8993862D19F009D20006BD34 /* EventsPlanner-Info.plist */,
				8993862E19F009D20006BD34 /* InfoPlist.strings */,
				8993863119F009D20006BD34 /* main.m */,
				8993863319F009D20006BD34 /* EventsPlanner-Prefix.pch */,
			);
			name = "Supporting Files";
			sourceTree = "<group>";
		};
		8993864819F009D30006BD34 /* EventsPlannerTests */ = {
			isa = PBXGroup;
			children = (
				8993864E19F009D30006BD34 /* EventsPlannerTests.m */,
				8993864919F009D30006BD34 /* Supporting Files */,
			);
			path = EventsPlannerTests;
			sourceTree = "<group>";
		};
		8993864919F009D30006BD34 /* Supporting Files */ = {
			isa = PBXGroup;
			children = (
				8993864A19F009D30006BD34 /* EventsPlannerTests-Info.plist */,
				8993864B19F009D30006BD34 /* InfoPlist.strings */,
			);
			name = "Supporting Files";
			sourceTree = "<group>";
		};
/* End PBXGroup section */

/* Begin PBXNativeTarget section */
		8993861F19F009D20006BD34 /* EventsPlanner */ = {
			isa = PBXNativeTarget;
			buildConfigurationList = 8993865219F009D30006BD34 /* Build configuration list for PBXNativeTarget "EventsPlanner" */;
			buildPhases = (
				8993861C19F009D20006BD34 /* Sources */,
				8993861D19F009D20006BD34 /* Frameworks */,
				8993861E19F009D20006BD34 /* Resources */,
			);
			buildRules = (
			);
			dependencies = (
			);
			name = EventsPlanner;
			productName = EventsPlanner;
			productReference = 8993862019F009D20006BD34 /* EventsPlanner.app */;
			productType = "com.apple.product-type.application";
		};
		8993863F19F009D30006BD34 /* EventsPlannerTests */ = {
			isa = PBXNativeTarget;
			buildConfigurationList = 8993865519F009D30006BD34 /* Build configuration list for PBXNativeTarget "EventsPlannerTests" */;
			buildPhases = (
				8993863C19F009D30006BD34 /* Sources */,
				8993863D19F009D30006BD34 /* Frameworks */,
				8993863E19F009D30006BD34 /* Resources */,
			);
			buildRules = (
			);
			dependencies = (
				8993864719F009D30006BD34 /* PBXTargetDependency */,
			);
			name = EventsPlannerTests;
			productName = EventsPlannerTests;
			productReference = 8993864019F009D30006BD34 /* EventsPlannerTests.xctest */;
			productType = "com.apple.product-type.bundle.unit-test";
		};
/* End PBXNativeTarget section */

/* Begin PBXProject section */
		8993861819F009D20006BD34 /* Project object */ = {
			isa = PBXProject;
			attributes = {
				LastUpgradeCheck = 0510;
				ORGANIZATIONNAME = "Alexander Kuliev";
				TargetAttributes = {
					8993863F19F009D30006BD34 = {
						TestTargetID = 8993861F19F009D20006BD34;
					};
				};
			};
			buildConfigurationList = 8993861B19F009D20006BD34 /* Build configuration list for PBXProject "EventsPlanner" */;
			compatibilityVersion = "Xcode 3.2";
			developmentRegion = English;
			hasScannedForEncodings = 0;
			knownRegions = (
				en,
			);
			mainGroup = 8993861719F009D20006BD34;
			productRefGroup = 8993862119F009D20006BD34 /* Products */;
			projectDirPath = "";
			projectRoot = "";
			targets = (
				8993861F19F009D20006BD34 /* EventsPlanner */,
				8993863F19F009D30006BD34 /* EventsPlannerTests */,
			);
		};
/* End PBXProject section */

/* Begin PBXResourcesBuildPhase section */
		8993861E19F009D20006BD34 /* Resources */ = {
			isa = PBXResourcesBuildPhase;
			buildActionMask = 2147483647;
			files = (
				8993863019F009D20006BD34 /* InfoPlist.strings in Resources */,
				8993863B19F009D20006BD34 /* Images.xcassets in Resources */,
				89301ED919FBC3F9006AE213 /* README.md in Resources */,
				8993865919F00B630006BD34 /* Storyboard.storyboard in Resources */,
			);
			runOnlyForDeploymentPostprocessing = 0;
		};
		8993863E19F009D30006BD34 /* Resources */ = {
			isa = PBXResourcesBuildPhase;
			buildActionMask = 2147483647;
			files = (
				8993864D19F009D30006BD34 /* InfoPlist.strings in Resources */,
			);
			runOnlyForDeploymentPostprocessing = 0;
		};
/* End PBXResourcesBuildPhase section */

/* Begin PBXSourcesBuildPhase section */
		8993861C19F009D20006BD34 /* Sources */ = {
			isa = PBXSourcesBuildPhase;
			buildActionMask = 2147483647;
			files = (
				8993863619F009D20006BD34 /* AppDelegate.m in Sources */,
				8993865F19F010280006BD34 /* EventDetailViewController.m in Sources */,
				891267C019FE87A30047BAD0 /* EventManager.m in Sources */,
				8993865C19F00FC50006BD34 /* EventViewController.m in Sources */,
				8993863219F009D20006BD34 /* main.m in Sources */,
				8993863919F009D20006BD34 /* EventsPlanner.xcdatamodeld in Sources */,
			);
			runOnlyForDeploymentPostprocessing = 0;
		};
		8993863C19F009D30006BD34 /* Sources */ = {
			isa = PBXSourcesBuildPhase;
			buildActionMask = 2147483647;
			files = (
				8993864F19F009D30006BD34 /* EventsPlannerTests.m in Sources */,
			);
			runOnlyForDeploymentPostprocessing = 0;
		};
/* End PBXSourcesBuildPhase section */

/* Begin PBXTargetDependency section */
		8993864719F009D30006BD34 /* PBXTargetDependency */ = {
			isa = PBXTargetDependency;
			target = 8993861F19F009D20006BD34 /* EventsPlanner */;
			targetProxy = 8993864619F009D30006BD34 /* PBXContainerItemProxy */;
		};
/* End PBXTargetDependency section */

/* Begin PBXVariantGroup section */
		8993862E19F009D20006BD34 /* InfoPlist.strings */ = {
			isa = PBXVariantGroup;
			children = (
				8993862F19F009D20006BD34 /* en */,
			);
			name = InfoPlist.strings;
			sourceTree = "<group>";
		};
		8993864B19F009D30006BD34 /* InfoPlist.strings */ = {
			isa = PBXVariantGroup;
			children = (
				8993864C19F009D30006BD34 /* en */,
			);
			name = InfoPlist.strings;
			sourceTree = "<group>";
		};
/* End PBXVariantGroup section */

/* Begin XCBuildConfiguration section */
		8993865019F009D30006BD34 /* Debug */ = {
			isa = XCBuildConfiguration;
			buildSettings = {
				ALWAYS_SEARCH_USER_PATHS = NO;
				CLANG_CXX_LANGUAGE_STANDARD = "gnu++0x";
				CLANG_CXX_LIBRARY = "libc++";
				CLANG_ENABLE_MODULES = YES;
				CLANG_ENABLE_OBJC_ARC = YES;
				CLANG_WARN_BOOL_CONVERSION = YES;
				CLANG_WARN_CONSTANT_CONVERSION = YES;
				CLANG_WARN_DIRECT_OBJC_ISA_USAGE = YES_ERROR;
				CLANG_WARN_EMPTY_BODY = YES;
				CLANG_WARN_ENUM_CONVERSION = YES;
				CLANG_WARN_INT_CONVERSION = YES;
				CLANG_WARN_OBJC_ROOT_CLASS = YES_ERROR;
				CLANG_WARN__DUPLICATE_METHOD_MATCH = YES;
				"CODE_SIGN_IDENTITY[sdk=iphoneos*]" = "iPhone Developer";
				COPY_PHASE_STRIP = NO;
				GCC_C_LANGUAGE_STANDARD = gnu99;
				GCC_DYNAMIC_NO_PIC = NO;
				GCC_OPTIMIZATION_LEVEL = 0;
				GCC_PREPROCESSOR_DEFINITIONS = (
					"DEBUG=1",
					"$(inherited)",
				);
				GCC_SYMBOLS_PRIVATE_EXTERN = NO;
				GCC_WARN_64_TO_32_BIT_CONVERSION = YES;
				GCC_WARN_ABOUT_RETURN_TYPE = YES_ERROR;
				GCC_WARN_UNDECLARED_SELECTOR = YES;
				GCC_WARN_UNINITIALIZED_AUTOS = YES_AGGRESSIVE;
				GCC_WARN_UNUSED_FUNCTION = YES;
				GCC_WARN_UNUSED_VARIABLE = YES;
				IPHONEOS_DEPLOYMENT_TARGET = 7.1;
				ONLY_ACTIVE_ARCH = YES;
				SDKROOT = iphoneos;
			};
			name = Debug;
		};
		8993865119F009D30006BD34 /* Release */ = {
			isa = XCBuildConfiguration;
			buildSettings = {
				ALWAYS_SEARCH_USER_PATHS = NO;
				CLANG_CXX_LANGUAGE_STANDARD = "gnu++0x";
				CLANG_CXX_LIBRARY = "libc++";
				CLANG_ENABLE_MODULES = YES;
				CLANG_ENABLE_OBJC_ARC = YES;
				CLANG_WARN_BOOL_CONVERSION = YES;
				CLANG_WARN_CONSTANT_CONVERSION = YES;
				CLANG_WARN_DIRECT_OBJC_ISA_USAGE = YES_ERROR;
				CLANG_WARN_EMPTY_BODY = YES;
				CLANG_WARN_ENUM_CONVERSION = YES;
				CLANG_WARN_INT_CONVERSION = YES;
				CLANG_WARN_OBJC_ROOT_CLASS = YES_ERROR;
				CLANG_WARN__DUPLICATE_METHOD_MATCH = YES;
				"CODE_SIGN_IDENTITY[sdk=iphoneos*]" = "iPhone Developer";
				COPY_PHASE_STRIP = YES;
				ENABLE_NS_ASSERTIONS = NO;
				GCC_C_LANGUAGE_STANDARD = gnu99;
				GCC_WARN_64_TO_32_BIT_CONVERSION = YES;
				GCC_WARN_ABOUT_RETURN_TYPE = YES_ERROR;
				GCC_WARN_UNDECLARED_SELECTOR = YES;
				GCC_WARN_UNINITIALIZED_AUTOS = YES_AGGRESSIVE;
				GCC_WARN_UNUSED_FUNCTION = YES;
				GCC_WARN_UNUSED_VARIABLE = YES;
				IPHONEOS_DEPLOYMENT_TARGET = 7.1;
				SDKROOT = iphoneos;
				VALIDATE_PRODUCT = YES;
			};
			name = Release;
		};
		8993865319F009D30006BD34 /* Debug */ = {
			isa = XCBuildConfiguration;
			buildSettings = {
				ASSETCATALOG_COMPILER_APPICON_NAME = AppIcon;
				ASSETCATALOG_COMPILER_LAUNCHIMAGE_NAME = LaunchImage;
				GCC_PRECOMPILE_PREFIX_HEADER = YES;
				GCC_PREFIX_HEADER = "EventsPlanner/EventsPlanner-Prefix.pch";
				INFOPLIST_FILE = "EventsPlanner/EventsPlanner-Info.plist";
				PRODUCT_NAME = "$(TARGET_NAME)";
				WRAPPER_EXTENSION = app;
			};
			name = Debug;
		};
		8993865419F009D30006BD34 /* Release */ = {
			isa = XCBuildConfiguration;
			buildSettings = {
				ASSETCATALOG_COMPILER_APPICON_NAME = AppIcon;
				ASSETCATALOG_COMPILER_LAUNCHIMAGE_NAME = LaunchImage;
				GCC_PRECOMPILE_PREFIX_HEADER = YES;
				GCC_PREFIX_HEADER = "EventsPlanner/EventsPlanner-Prefix.pch";
				INFOPLIST_FILE = "EventsPlanner/EventsPlanner-Info.plist";
				PRODUCT_NAME = "$(TARGET_NAME)";
				WRAPPER_EXTENSION = app;
			};
			name = Release;
		};
		8993865619F009D30006BD34 /* Debug */ = {
			isa = XCBuildConfiguration;
			buildSettings = {
				BUNDLE_LOADER = "$(BUILT_PRODUCTS_DIR)/EventsPlanner.app/EventsPlanner";
				FRAMEWORK_SEARCH_PATHS = (
					"$(SDKROOT)/Developer/Library/Frameworks",
					"$(inherited)",
					"$(DEVELOPER_FRAMEWORKS_DIR)",
				);
				GCC_PRECOMPILE_PREFIX_HEADER = YES;
				GCC_PREFIX_HEADER = "EventsPlanner/EventsPlanner-Prefix.pch";
				GCC_PREPROCESSOR_DEFINITIONS = (
					"DEBUG=1",
					"$(inherited)",
				);
				INFOPLIST_FILE = "EventsPlannerTests/EventsPlannerTests-Info.plist";
				PRODUCT_NAME = "$(TARGET_NAME)";
				TEST_HOST = "$(BUNDLE_LOADER)";
				WRAPPER_EXTENSION = xctest;
			};
			name = Debug;
		};
		8993865719F009D30006BD34 /* Release */ = {
			isa = XCBuildConfiguration;
			buildSettings = {
				BUNDLE_LOADER = "$(BUILT_PRODUCTS_DIR)/EventsPlanner.app/EventsPlanner";
				FRAMEWORK_SEARCH_PATHS = (
					"$(SDKROOT)/Developer/Library/Frameworks",
					"$(inherited)",
					"$(DEVELOPER_FRAMEWORKS_DIR)",
				);
				GCC_PRECOMPILE_PREFIX_HEADER = YES;
				GCC_PREFIX_HEADER = "EventsPlanner/EventsPlanner-Prefix.pch";
				INFOPLIST_FILE = "EventsPlannerTests/EventsPlannerTests-Info.plist";
				PRODUCT_NAME = "$(TARGET_NAME)";
				TEST_HOST = "$(BUNDLE_LOADER)";
				WRAPPER_EXTENSION = xctest;
			};
			name = Release;
		};
/* End XCBuildConfiguration section */

/* Begin XCConfigurationList section */
		8993861B19F009D20006BD34 /* Build configuration list for PBXProject "EventsPlanner" */ = {
			isa = XCConfigurationList;
			buildConfigurations = (
				8993865019F009D30006BD34 /* Debug */,
				8993865119F009D30006BD34 /* Release */,
			);
			defaultConfigurationIsVisible = 0;
			defaultConfigurationName = Release;
		};
		8993865219F009D30006BD34 /* Build configuration list for PBXNativeTarget "EventsPlanner" */ = {
			isa = XCConfigurationList;
			buildConfigurations = (
				8993865319F009D30006BD34 /* Debug */,
				8993865419F009D30006BD34 /* Release */,
			);
			defaultConfigurationIsVisible = 0;
			defaultConfigurationName = Release;
		};
		8993865519F009D30006BD34 /* Build configuration list for PBXNativeTarget "EventsPlannerTests" */ = {
			isa = XCConfigurationList;
			buildConfigurations = (
				8993865619F009D30006BD34 /* Debug */,
				8993865719F009D30006BD34 /* Release */,
			);
			defaultConfigurationIsVisible = 0;
			defaultConfigurationName = Release;
		};
/* End XCConfigurationList section */

/* Begin XCVersionGroup section */
		8993863719F009D20006BD34 /* EventsPlanner.xcdatamodeld */ = {
			isa = XCVersionGroup;
			children = (
				8993863819F009D20006BD34 /* EventsPlanner.xcdatamodel */,
			);
			currentVersion = 8993863819F009D20006BD34 /* EventsPlanner.xcdatamodel */;
			path = EventsPlanner.xcdatamodeld;
			sourceTree = "<group>";
			versionGroupType = wrapper.xcdatamodel;
		};
/* End XCVersionGroup section */
	};
	rootObject = 8993861819F009D20006BD34 /* Project object */;
}
